// !$*UTF8*$!
{
	archiveVersion = 1;
	classes = {
	};
	objectVersion = 56;
	objects = {

/* Begin PBXBuildFile section */
		A515C0D92B6A787100A93954 /* WishCalendarViewController.swift in Sources */ = {isa = PBXBuildFile; fileRef = A515C0D82B6A787100A93954 /* WishCalendarViewController.swift */; };
		A515C0DD2B6A82F900A93954 /* WishEventCell.swift in Sources */ = {isa = PBXBuildFile; fileRef = A515C0DC2B6A82F900A93954 /* WishEventCell.swift */; };
		A515C0DF2B6A845E00A93954 /* WishEventModel.swift in Sources */ = {isa = PBXBuildFile; fileRef = A515C0DE2B6A845E00A93954 /* WishEventModel.swift */; };
		A515C0ED2B70B00600A93954 /* AddEventCell.swift in Sources */ = {isa = PBXBuildFile; fileRef = A515C0EC2B70B00600A93954 /* AddEventCell.swift */; };
		A515C0EF2B70D7E600A93954 /* WishEventCreationView.swift in Sources */ = {isa = PBXBuildFile; fileRef = A515C0EE2B70D7E600A93954 /* WishEventCreationView.swift */; };
		A515C0F22B72345500A93954 /* EventModel.xcdatamodeld in Sources */ = {isa = PBXBuildFile; fileRef = A515C0F02B72345500A93954 /* EventModel.xcdatamodeld */; };
		A515C0F72B7278D400A93954 /* CalendarManaging.swift in Sources */ = {isa = PBXBuildFile; fileRef = A515C0F62B7278D400A93954 /* CalendarManaging.swift */; };
		A515C0F92B72796800A93954 /* CalendarManager.swift in Sources */ = {isa = PBXBuildFile; fileRef = A515C0F82B72796800A93954 /* CalendarManager.swift */; };
		A52A83C72AC0129400328A2B /* AppDelegate.swift in Sources */ = {isa = PBXBuildFile; fileRef = A52A83C62AC0129400328A2B /* AppDelegate.swift */; };
		A52A83C92AC0129400328A2B /* SceneDelegate.swift in Sources */ = {isa = PBXBuildFile; fileRef = A52A83C82AC0129400328A2B /* SceneDelegate.swift */; };
		A52A83CB2AC0129400328A2B /* WishMakerViewController.swift in Sources */ = {isa = PBXBuildFile; fileRef = A52A83CA2AC0129400328A2B /* WishMakerViewController.swift */; };
		A52A83D02AC0129600328A2B /* Assets.xcassets in Resources */ = {isa = PBXBuildFile; fileRef = A52A83CF2AC0129600328A2B /* Assets.xcassets */; };
		A52A83D32AC0129600328A2B /* LaunchScreen.storyboard in Resources */ = {isa = PBXBuildFile; fileRef = A52A83D12AC0129600328A2B /* LaunchScreen.storyboard */; };
		A52A83DB2AC021ED00328A2B /* CustomSlider.swift in Sources */ = {isa = PBXBuildFile; fileRef = A52A83DA2AC021ED00328A2B /* CustomSlider.swift */; };
		A52A83F72ACD2ED900328A2B /* Pin.swift in Sources */ = {isa = PBXBuildFile; fileRef = A52A83F62ACD2ED900328A2B /* Pin.swift */; };
		A52A83F92AD04A7400328A2B /* CoreImage.swift in Sources */ = {isa = PBXBuildFile; fileRef = A52A83F82AD04A7400328A2B /* CoreImage.swift */; };
		A54C6E242AF0D2E200D4FAEE /* WishStoringViewController.swift in Sources */ = {isa = PBXBuildFile; fileRef = A54C6E232AF0D2E200D4FAEE /* WishStoringViewController.swift */; };
		A54C6E262AF0E4BA00D4FAEE /* WrittenWishCell.swift in Sources */ = {isa = PBXBuildFile; fileRef = A54C6E252AF0E4BA00D4FAEE /* WrittenWishCell.swift */; };
		A54C6E282AF776B200D4FAEE /* AddWishCell.swift in Sources */ = {isa = PBXBuildFile; fileRef = A54C6E272AF776B200D4FAEE /* AddWishCell.swift */; };
/* End PBXBuildFile section */

/* Begin PBXFileReference section */
		A515C0D82B6A787100A93954 /* WishCalendarViewController.swift */ = {isa = PBXFileReference; lastKnownFileType = sourcecode.swift; path = WishCalendarViewController.swift; sourceTree = "<group>"; };
		A515C0DC2B6A82F900A93954 /* WishEventCell.swift */ = {isa = PBXFileReference; lastKnownFileType = sourcecode.swift; path = WishEventCell.swift; sourceTree = "<group>"; };
		A515C0DE2B6A845E00A93954 /* WishEventModel.swift */ = {isa = PBXFileReference; lastKnownFileType = sourcecode.swift; path = WishEventModel.swift; sourceTree = "<group>"; };
		A515C0EC2B70B00600A93954 /* AddEventCell.swift */ = {isa = PBXFileReference; lastKnownFileType = sourcecode.swift; path = AddEventCell.swift; sourceTree = "<group>"; };
		A515C0EE2B70D7E600A93954 /* WishEventCreationView.swift */ = {isa = PBXFileReference; lastKnownFileType = sourcecode.swift; path = WishEventCreationView.swift; sourceTree = "<group>"; };
		A515C0F12B72345500A93954 /* EventModel.xcdatamodel */ = {isa = PBXFileReference; explicitFileType = wrapper.xcdatamodel; path = EventModel.xcdatamodel; sourceTree = "<group>"; };
		A515C0F62B7278D400A93954 /* CalendarManaging.swift */ = {isa = PBXFileReference; lastKnownFileType = sourcecode.swift; path = CalendarManaging.swift; sourceTree = "<group>"; };
		A515C0F82B72796800A93954 /* CalendarManager.swift */ = {isa = PBXFileReference; lastKnownFileType = sourcecode.swift; path = CalendarManager.swift; sourceTree = "<group>"; };
		A52A83C32AC0129400328A2B /* ebukharevPW4.app */ = {isa = PBXFileReference; explicitFileType = wrapper.application; includeInIndex = 0; path = ebukharevPW4.app; sourceTree = BUILT_PRODUCTS_DIR; };
		A52A83C62AC0129400328A2B /* AppDelegate.swift */ = {isa = PBXFileReference; lastKnownFileType = sourcecode.swift; path = AppDelegate.swift; sourceTree = "<group>"; };
		A52A83C82AC0129400328A2B /* SceneDelegate.swift */ = {isa = PBXFileReference; lastKnownFileType = sourcecode.swift; path = SceneDelegate.swift; sourceTree = "<group>"; };
		A52A83CA2AC0129400328A2B /* WishMakerViewController.swift */ = {isa = PBXFileReference; lastKnownFileType = sourcecode.swift; path = WishMakerViewController.swift; sourceTree = "<group>"; };
		A52A83CF2AC0129600328A2B /* Assets.xcassets */ = {isa = PBXFileReference; lastKnownFileType = folder.assetcatalog; path = Assets.xcassets; sourceTree = "<group>"; };
		A52A83D22AC0129600328A2B /* Base */ = {isa = PBXFileReference; lastKnownFileType = file.storyboard; name = Base; path = Base.lproj/LaunchScreen.storyboard; sourceTree = "<group>"; };
		A52A83D42AC0129600328A2B /* Info.plist */ = {isa = PBXFileReference; lastKnownFileType = text.plist.xml; path = Info.plist; sourceTree = "<group>"; };
		A52A83DA2AC021ED00328A2B /* CustomSlider.swift */ = {isa = PBXFileReference; lastKnownFileType = sourcecode.swift; path = CustomSlider.swift; sourceTree = "<group>"; };
		A52A83F62ACD2ED900328A2B /* Pin.swift */ = {isa = PBXFileReference; lastKnownFileType = sourcecode.swift; path = Pin.swift; sourceTree = "<group>"; };
		A52A83F82AD04A7400328A2B /* CoreImage.swift */ = {isa = PBXFileReference; lastKnownFileType = sourcecode.swift; path = CoreImage.swift; sourceTree = "<group>"; };
		A54C6E232AF0D2E200D4FAEE /* WishStoringViewController.swift */ = {isa = PBXFileReference; lastKnownFileType = sourcecode.swift; path = WishStoringViewController.swift; sourceTree = "<group>"; };
		A54C6E252AF0E4BA00D4FAEE /* WrittenWishCell.swift */ = {isa = PBXFileReference; lastKnownFileType = sourcecode.swift; path = WrittenWishCell.swift; sourceTree = "<group>"; };
		A54C6E272AF776B200D4FAEE /* AddWishCell.swift */ = {isa = PBXFileReference; lastKnownFileType = sourcecode.swift; path = AddWishCell.swift; sourceTree = "<group>"; };
/* End PBXFileReference section */

/* Begin PBXFrameworksBuildPhase section */
		A52A83C02AC0129400328A2B /* Frameworks */ = {
			isa = PBXFrameworksBuildPhase;
			buildActionMask = 2147483647;
			files = (
			);
			runOnlyForDeploymentPostprocessing = 0;
		};
/* End PBXFrameworksBuildPhase section */

/* Begin PBXGroup section */
		67A869772B730FB400E178DC /* Calendar */ = {
			isa = PBXGroup;
			children = (
				A515C0F82B72796800A93954 /* CalendarManager.swift */,
				A515C0F62B7278D400A93954 /* CalendarManaging.swift */,
			);
			path = Calendar;
			sourceTree = "<group>";
		};
		A515C0E62B6F907500A93954 /* Model */ = {
			isa = PBXGroup;
			children = (
				A515C0DE2B6A845E00A93954 /* WishEventModel.swift */,
			);
			path = Model;
			sourceTree = "<group>";
		};
		A515C0E72B6F907D00A93954 /* View */ = {
			isa = PBXGroup;
			children = (
				A515C0DC2B6A82F900A93954 /* WishEventCell.swift */,
				A52A83DA2AC021ED00328A2B /* CustomSlider.swift */,
				A54C6E252AF0E4BA00D4FAEE /* WrittenWishCell.swift */,
				A54C6E272AF776B200D4FAEE /* AddWishCell.swift */,
				A515C0EC2B70B00600A93954 /* AddEventCell.swift */,
			);
			path = View;
			sourceTree = "<group>";
		};
		A515C0E82B6F908500A93954 /* Controller */ = {
			isa = PBXGroup;
			children = (
				A54C6E232AF0D2E200D4FAEE /* WishStoringViewController.swift */,
				A52A83CA2AC0129400328A2B /* WishMakerViewController.swift */,
				A515C0D82B6A787100A93954 /* WishCalendarViewController.swift */,
				A515C0EE2B70D7E600A93954 /* WishEventCreationView.swift */,
			);
			path = Controller;
			sourceTree = "<group>";
		};
		A515C0E92B6F90C800A93954 /* Extensions */ = {
			isa = PBXGroup;
			children = (
				A52A83F62ACD2ED900328A2B /* Pin.swift */,
			);
			path = Extensions;
			sourceTree = "<group>";
		};
		A52A83BA2AC0129400328A2B = {
			isa = PBXGroup;
			children = (
				A52A83C52AC0129400328A2B /* ebukharevPW4 */,
				A52A83C42AC0129400328A2B /* Products */,
			);
			sourceTree = "<group>";
		};
		A52A83C42AC0129400328A2B /* Products */ = {
			isa = PBXGroup;
			children = (
				A52A83C32AC0129400328A2B /* ebukharevPW4.app */,
			);
			name = Products;
			sourceTree = "<group>";
		};
		A52A83C52AC0129400328A2B /* ebukharevPW4 */ = {
			isa = PBXGroup;
			children = (
				A515C0F02B72345500A93954 /* EventModel.xcdatamodeld */,
				A515C0E72B6F907D00A93954 /* View */,
				A515C0E62B6F907500A93954 /* Model */,
				A515C0E82B6F908500A93954 /* Controller */,
				A515C0E92B6F90C800A93954 /* Extensions */,
				67A869772B730FB400E178DC /* Calendar */,
				A52A83C62AC0129400328A2B /* AppDelegate.swift */,
				A52A83F82AD04A7400328A2B /* CoreImage.swift */,
				A52A83C82AC0129400328A2B /* SceneDelegate.swift */,
				A52A83CF2AC0129600328A2B /* Assets.xcassets */,
				A52A83D12AC0129600328A2B /* LaunchScreen.storyboard */,
				A52A83D42AC0129600328A2B /* Info.plist */,
			);
			path = ebukharevPW4;
			sourceTree = "<group>";
		};
/* End PBXGroup section */

/* Begin PBXNativeTarget section */
		A52A83C22AC0129400328A2B /* ebukharevPW4 */ = {
			isa = PBXNativeTarget;
			buildConfigurationList = A52A83D72AC0129600328A2B /* Build configuration list for PBXNativeTarget "ebukharevPW4" */;
			buildPhases = (
				A52A83BF2AC0129400328A2B /* Sources */,
				A52A83C02AC0129400328A2B /* Frameworks */,
				A52A83C12AC0129400328A2B /* Resources */,
			);
			buildRules = (
			);
			dependencies = (
			);
			name = ebukharevPW4;
			productName = aikiselev1PW2;
			productReference = A52A83C32AC0129400328A2B /* ebukharevPW4.app */;
			productType = "com.apple.product-type.application";
		};
/* End PBXNativeTarget section */

/* Begin PBXProject section */
		A52A83BB2AC0129400328A2B /* Project object */ = {
			isa = PBXProject;
			attributes = {
				BuildIndependentTargetsInParallel = 1;
				LastSwiftUpdateCheck = 1430;
				LastUpgradeCheck = 1520;
				TargetAttributes = {
					A52A83C22AC0129400328A2B = {
						CreatedOnToolsVersion = 14.3.1;
					};
				};
			};
			buildConfigurationList = A52A83BE2AC0129400328A2B /* Build configuration list for PBXProject "ebukharevPW4" */;
			compatibilityVersion = "Xcode 14.0";
			developmentRegion = en;
			hasScannedForEncodings = 0;
			knownRegions = (
				en,
				Base,
			);
			mainGroup = A52A83BA2AC0129400328A2B;
			productRefGroup = A52A83C42AC0129400328A2B /* Products */;
			projectDirPath = "";
			projectRoot = "";
			targets = (
				A52A83C22AC0129400328A2B /* ebukharevPW4 */,
			);
		};
/* End PBXProject section */

/* Begin PBXResourcesBuildPhase section */
		A52A83C12AC0129400328A2B /* Resources */ = {
			isa = PBXResourcesBuildPhase;
			buildActionMask = 2147483647;
			files = (
				A52A83D32AC0129600328A2B /* LaunchScreen.storyboard in Resources */,
				A52A83D02AC0129600328A2B /* Assets.xcassets in Resources */,
			);
			runOnlyForDeploymentPostprocessing = 0;
		};
/* End PBXResourcesBuildPhase section */

/* Begin PBXSourcesBuildPhase section */
		A52A83BF2AC0129400328A2B /* Sources */ = {
			isa = PBXSourcesBuildPhase;
			buildActionMask = 2147483647;
			files = (
				A54C6E262AF0E4BA00D4FAEE /* WrittenWishCell.swift in Sources */,
				A515C0F22B72345500A93954 /* EventModel.xcdatamodeld in Sources */,
				A515C0F92B72796800A93954 /* CalendarManager.swift in Sources */,
				A515C0DF2B6A845E00A93954 /* WishEventModel.swift in Sources */,
				A52A83F72ACD2ED900328A2B /* Pin.swift in Sources */,
				A515C0D92B6A787100A93954 /* WishCalendarViewController.swift in Sources */,
				A515C0EF2B70D7E600A93954 /* WishEventCreationView.swift in Sources */,
				A52A83CB2AC0129400328A2B /* WishMakerViewController.swift in Sources */,
				A52A83F92AD04A7400328A2B /* CoreImage.swift in Sources */,
				A52A83C72AC0129400328A2B /* AppDelegate.swift in Sources */,
				A515C0ED2B70B00600A93954 /* AddEventCell.swift in Sources */,
				A52A83C92AC0129400328A2B /* SceneDelegate.swift in Sources */,
				A54C6E242AF0D2E200D4FAEE /* WishStoringViewController.swift in Sources */,
				A515C0F72B7278D400A93954 /* CalendarManaging.swift in Sources */,
				A52A83DB2AC021ED00328A2B /* CustomSlider.swift in Sources */,
				A54C6E282AF776B200D4FAEE /* AddWishCell.swift in Sources */,
				A515C0DD2B6A82F900A93954 /* WishEventCell.swift in Sources */,
			);
			runOnlyForDeploymentPostprocessing = 0;
		};
/* End PBXSourcesBuildPhase section */

/* Begin PBXVariantGroup section */
		A52A83D12AC0129600328A2B /* LaunchScreen.storyboard */ = {
			isa = PBXVariantGroup;
			children = (
				A52A83D22AC0129600328A2B /* Base */,
			);
			name = LaunchScreen.storyboard;
			sourceTree = "<group>";
		};
/* End PBXVariantGroup section */

/* Begin XCBuildConfiguration section */
		A52A83D52AC0129600328A2B /* Debug */ = {
			isa = XCBuildConfiguration;
			buildSettings = {
				ALWAYS_SEARCH_USER_PATHS = NO;
				CLANG_ANALYZER_NONNULL = YES;
				CLANG_ANALYZER_NUMBER_OBJECT_CONVERSION = YES_AGGRESSIVE;
				CLANG_CXX_LANGUAGE_STANDARD = "gnu++20";
				CLANG_ENABLE_MODULES = YES;
				CLANG_ENABLE_OBJC_ARC = YES;
				CLANG_ENABLE_OBJC_WEAK = YES;
				CLANG_WARN_BLOCK_CAPTURE_AUTORELEASING = YES;
				CLANG_WARN_BOOL_CONVERSION = YES;
				CLANG_WARN_COMMA = YES;
				CLANG_WARN_CONSTANT_CONVERSION = YES;
				CLANG_WARN_DEPRECATED_OBJC_IMPLEMENTATIONS = YES;
				CLANG_WARN_DIRECT_OBJC_ISA_USAGE = YES_ERROR;
				CLANG_WARN_DOCUMENTATION_COMMENTS = YES;
				CLANG_WARN_EMPTY_BODY = YES;
				CLANG_WARN_ENUM_CONVERSION = YES;
				CLANG_WARN_INFINITE_RECURSION = YES;
				CLANG_WARN_INT_CONVERSION = YES;
				CLANG_WARN_NON_LITERAL_NULL_CONVERSION = YES;
				CLANG_WARN_OBJC_IMPLICIT_RETAIN_SELF = YES;
				CLANG_WARN_OBJC_LITERAL_CONVERSION = YES;
				CLANG_WARN_OBJC_ROOT_CLASS = YES_ERROR;
				CLANG_WARN_QUOTED_INCLUDE_IN_FRAMEWORK_HEADER = YES;
				CLANG_WARN_RANGE_LOOP_ANALYSIS = YES;
				CLANG_WARN_STRICT_PROTOTYPES = YES;
				CLANG_WARN_SUSPICIOUS_MOVE = YES;
				CLANG_WARN_UNGUARDED_AVAILABILITY = YES_AGGRESSIVE;
				CLANG_WARN_UNREACHABLE_CODE = YES;
				CLANG_WARN__DUPLICATE_METHOD_MATCH = YES;
				COPY_PHASE_STRIP = NO;
				DEBUG_INFORMATION_FORMAT = dwarf;
				ENABLE_STRICT_OBJC_MSGSEND = YES;
				ENABLE_TESTABILITY = YES;
				ENABLE_USER_SCRIPT_SANDBOXING = YES;
				GCC_C_LANGUAGE_STANDARD = gnu11;
				GCC_DYNAMIC_NO_PIC = NO;
				GCC_NO_COMMON_BLOCKS = YES;
				GCC_OPTIMIZATION_LEVEL = 0;
				GCC_PREPROCESSOR_DEFINITIONS = (
					"DEBUG=1",
					"$(inherited)",
				);
				GCC_WARN_64_TO_32_BIT_CONVERSION = YES;
				GCC_WARN_ABOUT_RETURN_TYPE = YES_ERROR;
				GCC_WARN_UNDECLARED_SELECTOR = YES;
				GCC_WARN_UNINITIALIZED_AUTOS = YES_AGGRESSIVE;
				GCC_WARN_UNUSED_FUNCTION = YES;
				GCC_WARN_UNUSED_VARIABLE = YES;
				IPHONEOS_DEPLOYMENT_TARGET = 16.4;
				MTL_ENABLE_DEBUG_INFO = INCLUDE_SOURCE;
				MTL_FAST_MATH = YES;
				ONLY_ACTIVE_ARCH = YES;
				SDKROOT = iphoneos;
				SWIFT_ACTIVE_COMPILATION_CONDITIONS = DEBUG;
				SWIFT_OPTIMIZATION_LEVEL = "-Onone";
			};
			name = Debug;
		};
		A52A83D62AC0129600328A2B /* Release */ = {
			isa = XCBuildConfiguration;
			buildSettings = {
				ALWAYS_SEARCH_USER_PATHS = NO;
				CLANG_ANALYZER_NONNULL = YES;
				CLANG_ANALYZER_NUMBER_OBJECT_CONVERSION = YES_AGGRESSIVE;
				CLANG_CXX_LANGUAGE_STANDARD = "gnu++20";
				CLANG_ENABLE_MODULES = YES;
				CLANG_ENABLE_OBJC_ARC = YES;
				CLANG_ENABLE_OBJC_WEAK = YES;
				CLANG_WARN_BLOCK_CAPTURE_AUTORELEASING = YES;
				CLANG_WARN_BOOL_CONVERSION = YES;
				CLANG_WARN_COMMA = YES;
				CLANG_WARN_CONSTANT_CONVERSION = YES;
				CLANG_WARN_DEPRECATED_OBJC_IMPLEMENTATIONS = YES;
				CLANG_WARN_DIRECT_OBJC_ISA_USAGE = YES_ERROR;
				CLANG_WARN_DOCUMENTATION_COMMENTS = YES;
				CLANG_WARN_EMPTY_BODY = YES;
				CLANG_WARN_ENUM_CONVERSION = YES;
				CLANG_WARN_INFINITE_RECURSION = YES;
				CLANG_WARN_INT_CONVERSION = YES;
				CLANG_WARN_NON_LITERAL_NULL_CONVERSION = YES;
				CLANG_WARN_OBJC_IMPLICIT_RETAIN_SELF = YES;
				CLANG_WARN_OBJC_LITERAL_CONVERSION = YES;
				CLANG_WARN_OBJC_ROOT_CLASS = YES_ERROR;
				CLANG_WARN_QUOTED_INCLUDE_IN_FRAMEWORK_HEADER = YES;
				CLANG_WARN_RANGE_LOOP_ANALYSIS = YES;
				CLANG_WARN_STRICT_PROTOTYPES = YES;
				CLANG_WARN_SUSPICIOUS_MOVE = YES;
				CLANG_WARN_UNGUARDED_AVAILABILITY = YES_AGGRESSIVE;
				CLANG_WARN_UNREACHABLE_CODE = YES;
				CLANG_WARN__DUPLICATE_METHOD_MATCH = YES;
				COPY_PHASE_STRIP = NO;
				DEBUG_INFORMATION_FORMAT = "dwarf-with-dsym";
				ENABLE_NS_ASSERTIONS = NO;
				ENABLE_STRICT_OBJC_MSGSEND = YES;
				ENABLE_USER_SCRIPT_SANDBOXING = YES;
				GCC_C_LANGUAGE_STANDARD = gnu11;
				GCC_NO_COMMON_BLOCKS = YES;
				GCC_WARN_64_TO_32_BIT_CONVERSION = YES;
				GCC_WARN_ABOUT_RETURN_TYPE = YES_ERROR;
				GCC_WARN_UNDECLARED_SELECTOR = YES;
				GCC_WARN_UNINITIALIZED_AUTOS = YES_AGGRESSIVE;
				GCC_WARN_UNUSED_FUNCTION = YES;
				GCC_WARN_UNUSED_VARIABLE = YES;
				IPHONEOS_DEPLOYMENT_TARGET = 16.4;
				MTL_ENABLE_DEBUG_INFO = NO;
				MTL_FAST_MATH = YES;
				SDKROOT = iphoneos;
				SWIFT_COMPILATION_MODE = wholemodule;
				SWIFT_OPTIMIZATION_LEVEL = "-O";
				VALIDATE_PRODUCT = YES;
			};
			name = Release;
		};
		A52A83D82AC0129600328A2B /* Debug */ = {
			isa = XCBuildConfiguration;
			buildSettings = {
				ASSETCATALOG_COMPILER_APPICON_NAME = AppIcon;
				ASSETCATALOG_COMPILER_GLOBAL_ACCENT_COLOR_NAME = AccentColor;
				CODE_SIGN_STYLE = Automatic;
				CURRENT_PROJECT_VERSION = 1;
				GENERATE_INFOPLIST_FILE = YES;
				INFOPLIST_FILE = ebukharevPW4/Info.plist;
				INFOPLIST_KEY_NSCalendarsUsageDescription = "Calendar access is crucial";
				INFOPLIST_KEY_UIApplicationSupportsIndirectInputEvents = YES;
				INFOPLIST_KEY_UILaunchStoryboardName = LaunchScreen;
				INFOPLIST_KEY_UISupportedInterfaceOrientations_iPad = "UIInterfaceOrientationPortrait UIInterfaceOrientationPortraitUpsideDown UIInterfaceOrientationLandscapeLeft UIInterfaceOrientationLandscapeRight";
				INFOPLIST_KEY_UISupportedInterfaceOrientations_iPhone = "UIInterfaceOrientationPortrait UIInterfaceOrientationLandscapeLeft UIInterfaceOrientationLandscapeRight";
				IPHONEOS_DEPLOYMENT_TARGET = 13.0;
				LD_RUNPATH_SEARCH_PATHS = (
					"$(inherited)",
					"@executable_path/Frameworks",
				);
				MARKETING_VERSION = 1.0;
				PRODUCT_BUNDLE_IDENTIFIER = EmpireProd.ebukharevPW4;
				PRODUCT_NAME = "$(TARGET_NAME)";
				SWIFT_EMIT_LOC_STRINGS = YES;
				SWIFT_VERSION = 5.0;
				TARGETED_DEVICE_FAMILY = "1,2";
			};
			name = Debug;
		};
		A52A83D92AC0129600328A2B /* Release */ = {
			isa = XCBuildConfiguration;
			buildSettings = {
				ASSETCATALOG_COMPILER_APPICON_NAME = AppIcon;
				ASSETCATALOG_COMPILER_GLOBAL_ACCENT_COLOR_NAME = AccentColor;
				CODE_SIGN_STYLE = Automatic;
				CURRENT_PROJECT_VERSION = 1;
				GENERATE_INFOPLIST_FILE = YES;
				INFOPLIST_FILE = ebukharevPW4/Info.plist;
				INFOPLIST_KEY_NSCalendarsUsageDescription = "Calendar access is crucial";
				INFOPLIST_KEY_UIApplicationSupportsIndirectInputEvents = YES;
				INFOPLIST_KEY_UILaunchStoryboardName = LaunchScreen;
				INFOPLIST_KEY_UISupportedInterfaceOrientations_iPad = "UIInterfaceOrientationPortrait UIInterfaceOrientationPortraitUpsideDown UIInterfaceOrientationLandscapeLeft UIInterfaceOrientationLandscapeRight";
				INFOPLIST_KEY_UISupportedInterfaceOrientations_iPhone = "UIInterfaceOrientationPortrait UIInterfaceOrientationLandscapeLeft UIInterfaceOrientationLandscapeRight";
				IPHONEOS_DEPLOYMENT_TARGET = 13.0;
				LD_RUNPATH_SEARCH_PATHS = (
					"$(inherited)",
					"@executable_path/Frameworks",
				);
				MARKETING_VERSION = 1.0;
				PRODUCT_BUNDLE_IDENTIFIER = EmpireProd.ebukharevPW4;
				PRODUCT_NAME = "$(TARGET_NAME)";
				SWIFT_EMIT_LOC_STRINGS = YES;
				SWIFT_VERSION = 5.0;
				TARGETED_DEVICE_FAMILY = "1,2";
			};
			name = Release;
		};
/* End XCBuildConfiguration section */

/* Begin XCConfigurationList section */
		A52A83BE2AC0129400328A2B /* Build configuration list for PBXProject "ebukharevPW4" */ = {
			isa = XCConfigurationList;
			buildConfigurations = (
				A52A83D52AC0129600328A2B /* Debug */,
				A52A83D62AC0129600328A2B /* Release */,
			);
			defaultConfigurationIsVisible = 0;
			defaultConfigurationName = Release;
		};
		A52A83D72AC0129600328A2B /* Build configuration list for PBXNativeTarget "ebukharevPW4" */ = {
			isa = XCConfigurationList;
			buildConfigurations = (
				A52A83D82AC0129600328A2B /* Debug */,
				A52A83D92AC0129600328A2B /* Release */,
			);
			defaultConfigurationIsVisible = 0;
			defaultConfigurationName = Release;
		};
/* End XCConfigurationList section */

/* Begin XCVersionGroup section */
		A515C0F02B72345500A93954 /* EventModel.xcdatamodeld */ = {
			isa = XCVersionGroup;
			children = (
				A515C0F12B72345500A93954 /* EventModel.xcdatamodel */,
			);
			currentVersion = A515C0F12B72345500A93954 /* EventModel.xcdatamodel */;
			path = EventModel.xcdatamodeld;
			sourceTree = "<group>";
			versionGroupType = wrapper.xcdatamodel;
		};
/* End XCVersionGroup section */
	};
	rootObject = A52A83BB2AC0129400328A2B /* Project object */;
}
